
Microsoft Visual Studio Solution File, Format Version 11.00
# Visual Studio 2010
Project("{FAE04EC0-301F-11D3-BF4B-00C04F79EFBC}") = "TripleThreatWF", "TripleThreatWF\TripleThreatWF.csproj", "{A7E2EF68-8BA6-48B3-B7BB-8F91DDF192C6}"
EndProject
Project("{FAE04EC0-301F-11D3-BF4B-00C04F79EFBC}") = "TripleThreatWF.Tests", "TripleThreatWF.Tests\TripleThreatWF.Tests.csproj", "{D486C695-2812-488B-BF7C-0799A39ED364}"
EndProject
Project("{FAE04EC0-301F-11D3-BF4B-00C04F79EFBC}") = "TripleThreat.NUnit", "TripleThreat.NUnit\TripleThreat.NUnit.csproj", "{348F207F-4E55-4442-9060-158E0126A873}"
EndProject
Project("{FAE04EC0-301F-11D3-BF4B-00C04F79EFBC}") = "TTFramework", "TTFramework\TTFramework.csproj", "{3521CF2C-6F1D-4443-90B6-A832B2D62876}"
EndProject
Global
	GlobalSection(SolutionConfigurationPlatforms) = preSolution
		Debug|Any CPU = Debug|Any CPU
		Release|Any CPU = Release|Any CPU
	EndGlobalSection
	GlobalSection(ProjectConfigurationPlatforms) = postSolution
		{A7E2EF68-8BA6-48B3-B7BB-8F91DDF192C6}.Debug|Any CPU.ActiveCfg = Debug|Any CPU
		{A7E2EF68-8BA6-48B3-B7BB-8F91DDF192C6}.Debug|Any CPU.Build.0 = Debug|Any CPU
		{A7E2EF68-8BA6-48B3-B7BB-8F91DDF192C6}.Release|Any CPU.ActiveCfg = Release|Any CPU
		{A7E2EF68-8BA6-48B3-B7BB-8F91DDF192C6}.Release|Any CPU.Build.0 = Release|Any CPU
		{D486C695-2812-488B-BF7C-0799A39ED364}.Debug|Any CPU.ActiveCfg = Debug|Any CPU
		{D486C695-2812-488B-BF7C-0799A39ED364}.Debug|Any CPU.Build.0 = Debug|Any CPU
		{D486C695-2812-488B-BF7C-0799A39ED364}.Release|Any CPU.ActiveCfg = Release|Any CPU
		{D486C695-2812-488B-BF7C-0799A39ED364}.Release|Any CPU.Build.0 = Release|Any CPU
		{348F207F-4E55-4442-9060-158E0126A873}.Debug|Any CPU.ActiveCfg = Debug|Any CPU
		{348F207F-4E55-4442-9060-158E0126A873}.Debug|Any CPU.Build.0 = Debug|Any CPU
		{348F207F-4E55-4442-9060-158E0126A873}.Release|Any CPU.ActiveCfg = Release|Any CPU
		{348F207F-4E55-4442-9060-158E0126A873}.Release|Any CPU.Build.0 = Release|Any CPU
		{3521CF2C-6F1D-4443-90B6-A832B2D62876}.Debug|Any CPU.ActiveCfg = Debug|Any CPU
		{3521CF2C-6F1D-4443-90B6-A832B2D62876}.Debug|Any CPU.Build.0 = Debug|Any CPU
		{3521CF2C-6F1D-4443-90B6-A832B2D62876}.Release|Any CPU.ActiveCfg = Release|Any CPU
		{3521CF2C-6F1D-4443-90B6-A832B2D62876}.Release|Any CPU.Build.0 = Release|Any CPU
	EndGlobalSection
	GlobalSection(SolutionProperties) = preSolution
		HideSolutionNode = FALSE
	EndGlobalSection
EndGlobal
